
Microsoft Visual Studio Solution File, Format Version 12.00
# Visual Studio Version 17
VisualStudioVersion = 17.0.31512.422
MinimumVisualStudioVersion = 10.0.40219.1
Project("{FAE04EC0-301F-11D3-BF4B-00C04F79EFBC}") = "SharpChess.UI.WinForms", "SharpChess Game\SharpChess.UI.WinForms.csproj", "{F5FD2F27-6DCB-453C-B018-0AC8D4BC4109}"
EndProject
Project("{2150E333-8FDC-42A3-9474-1A3956D46DE8}") = "Solution Items", "Solution Items", "{0BDEDD50-6D5C-4D77-8A78-6080FA116D76}"
	ProjectSection(SolutionItems) = preProject
		GNU_GPL_Licence.txt = GNU_GPL_Licence.txt
		Local.testsettings = Local.testsettings
		SharpChess Game\Images\Logo\logo.bmp = SharpChess Game\Images\Logo\logo.bmp
		README.txt = README.txt
		Settings.StyleCop = Settings.StyleCop
		SharpChess Solution.vsmdi = SharpChess Solution.vsmdi
		TraceAndTestImpact.testsettings = TraceAndTestImpact.testsettings
	EndProjectSection
EndProject
Project("{9A19103F-16F7-4668-BE54-9A1E7A4F7556}") = "SharpChess.Domain", "SharpChess.Domain\SharpChess.Domain.csproj", "{794C4BE8-1A24-4FF8-A21E-1C0B3C3F7A59}"
EndProject
Project("{9A19103F-16F7-4668-BE54-9A1E7A4F7556}") = "SharpChess.Domain.Tests", "SharpChess.Domain.Tests\SharpChess.Domain.Tests.csproj", "{0A674F43-89EB-47F1-8FCC-90E83A47B264}"
EndProject
Project("{9A19103F-16F7-4668-BE54-9A1E7A4F7556}") = "SharpChess.Application", "SharpChess.Application\SharpChess.Application.csproj", "{84A36A8A-1541-4729-BEEF-D4F79853DB3A}"
EndProject
Project("{9A19103F-16F7-4668-BE54-9A1E7A4F7556}") = "SharpChess.Infrastructure", "SharpChess.Infrastructure\SharpChess.Infrastructure.csproj", "{A46FE627-5E7D-42C6-91A6-2AF9FBF8497F}"
EndProject
Global
	GlobalSection(SolutionConfigurationPlatforms) = preSolution
		Debug|Any CPU = Debug|Any CPU
		Debug|Mixed Platforms = Debug|Mixed Platforms
		Debug|x86 = Debug|x86
		Release|Any CPU = Release|Any CPU
		Release|Mixed Platforms = Release|Mixed Platforms
		Release|x86 = Release|x86
	EndGlobalSection
	GlobalSection(ProjectConfigurationPlatforms) = postSolution
		{F5FD2F27-6DCB-453C-B018-0AC8D4BC4109}.Debug|Any CPU.ActiveCfg = Debug|Any CPU
		{F5FD2F27-6DCB-453C-B018-0AC8D4BC4109}.Debug|Any CPU.Build.0 = Debug|Any CPU
		{F5FD2F27-6DCB-453C-B018-0AC8D4BC4109}.Debug|Mixed Platforms.ActiveCfg = Debug|Any CPU
		{F5FD2F27-6DCB-453C-B018-0AC8D4BC4109}.Debug|Mixed Platforms.Build.0 = Debug|Any CPU
		{F5FD2F27-6DCB-453C-B018-0AC8D4BC4109}.Debug|x86.ActiveCfg = Debug|Any CPU
		{F5FD2F27-6DCB-453C-B018-0AC8D4BC4109}.Release|Any CPU.ActiveCfg = Release|Any CPU
		{F5FD2F27-6DCB-453C-B018-0AC8D4BC4109}.Release|Any CPU.Build.0 = Release|Any CPU
		{F5FD2F27-6DCB-453C-B018-0AC8D4BC4109}.Release|Mixed Platforms.ActiveCfg = Release|Any CPU
		{F5FD2F27-6DCB-453C-B018-0AC8D4BC4109}.Release|Mixed Platforms.Build.0 = Release|Any CPU
		{F5FD2F27-6DCB-453C-B018-0AC8D4BC4109}.Release|x86.ActiveCfg = Release|Any CPU
		{794C4BE8-1A24-4FF8-A21E-1C0B3C3F7A59}.Debug|Any CPU.ActiveCfg = Debug|Any CPU
		{794C4BE8-1A24-4FF8-A21E-1C0B3C3F7A59}.Debug|Any CPU.Build.0 = Debug|Any CPU
		{794C4BE8-1A24-4FF8-A21E-1C0B3C3F7A59}.Debug|Mixed Platforms.ActiveCfg = Debug|Any CPU
		{794C4BE8-1A24-4FF8-A21E-1C0B3C3F7A59}.Debug|Mixed Platforms.Build.0 = Debug|Any CPU
		{794C4BE8-1A24-4FF8-A21E-1C0B3C3F7A59}.Debug|x86.ActiveCfg = Debug|Any CPU
		{794C4BE8-1A24-4FF8-A21E-1C0B3C3F7A59}.Debug|x86.Build.0 = Debug|Any CPU
		{794C4BE8-1A24-4FF8-A21E-1C0B3C3F7A59}.Release|Any CPU.ActiveCfg = Release|Any CPU
		{794C4BE8-1A24-4FF8-A21E-1C0B3C3F7A59}.Release|Any CPU.Build.0 = Release|Any CPU
		{794C4BE8-1A24-4FF8-A21E-1C0B3C3F7A59}.Release|Mixed Platforms.ActiveCfg = Release|Any CPU
		{794C4BE8-1A24-4FF8-A21E-1C0B3C3F7A59}.Release|Mixed Platforms.Build.0 = Release|Any CPU
		{794C4BE8-1A24-4FF8-A21E-1C0B3C3F7A59}.Release|x86.ActiveCfg = Release|Any CPU
		{794C4BE8-1A24-4FF8-A21E-1C0B3C3F7A59}.Release|x86.Build.0 = Release|Any CPU
		{0A674F43-89EB-47F1-8FCC-90E83A47B264}.Debug|Any CPU.ActiveCfg = Debug|Any CPU
		{0A674F43-89EB-47F1-8FCC-90E83A47B264}.Debug|Any CPU.Build.0 = Debug|Any CPU
		{0A674F43-89EB-47F1-8FCC-90E83A47B264}.Debug|Mixed Platforms.ActiveCfg = Debug|Any CPU
		{0A674F43-89EB-47F1-8FCC-90E83A47B264}.Debug|Mixed Platforms.Build.0 = Debug|Any CPU
		{0A674F43-89EB-47F1-8FCC-90E83A47B264}.Debug|x86.ActiveCfg = Debug|Any CPU
		{0A674F43-89EB-47F1-8FCC-90E83A47B264}.Debug|x86.Build.0 = Debug|Any CPU
		{0A674F43-89EB-47F1-8FCC-90E83A47B264}.Release|Any CPU.ActiveCfg = Release|Any CPU
		{0A674F43-89EB-47F1-8FCC-90E83A47B264}.Release|Any CPU.Build.0 = Release|Any CPU
		{0A674F43-89EB-47F1-8FCC-90E83A47B264}.Release|Mixed Platforms.ActiveCfg = Release|Any CPU
		{0A674F43-89EB-47F1-8FCC-90E83A47B264}.Release|Mixed Platforms.Build.0 = Release|Any CPU
		{0A674F43-89EB-47F1-8FCC-90E83A47B264}.Release|x86.ActiveCfg = Release|Any CPU
		{0A674F43-89EB-47F1-8FCC-90E83A47B264}.Release|x86.Build.0 = Release|Any CPU
		{84A36A8A-1541-4729-BEEF-D4F79853DB3A}.Debug|Any CPU.ActiveCfg = Debug|Any CPU
		{84A36A8A-1541-4729-BEEF-D4F79853DB3A}.Debug|Any CPU.Build.0 = Debug|Any CPU
		{84A36A8A-1541-4729-BEEF-D4F79853DB3A}.Debug|Mixed Platforms.ActiveCfg = Debug|Any CPU
		{84A36A8A-1541-4729-BEEF-D4F79853DB3A}.Debug|Mixed Platforms.Build.0 = Debug|Any CPU
		{84A36A8A-1541-4729-BEEF-D4F79853DB3A}.Debug|x86.ActiveCfg = Debug|Any CPU
		{84A36A8A-1541-4729-BEEF-D4F79853DB3A}.Debug|x86.Build.0 = Debug|Any CPU
		{84A36A8A-1541-4729-BEEF-D4F79853DB3A}.Release|Any CPU.ActiveCfg = Release|Any CPU
		{84A36A8A-1541-4729-BEEF-D4F79853DB3A}.Release|Any CPU.Build.0 = Release|Any CPU
		{84A36A8A-1541-4729-BEEF-D4F79853DB3A}.Release|Mixed Platforms.ActiveCfg = Release|Any CPU
		{84A36A8A-1541-4729-BEEF-D4F79853DB3A}.Release|Mixed Platforms.Build.0 = Release|Any CPU
		{84A36A8A-1541-4729-BEEF-D4F79853DB3A}.Release|x86.ActiveCfg = Release|Any CPU
		{84A36A8A-1541-4729-BEEF-D4F79853DB3A}.Release|x86.Build.0 = Release|Any CPU
		{A46FE627-5E7D-42C6-91A6-2AF9FBF8497F}.Debug|Any CPU.ActiveCfg = Debug|Any CPU
		{A46FE627-5E7D-42C6-91A6-2AF9FBF8497F}.Debug|Any CPU.Build.0 = Debug|Any CPU
		{A46FE627-5E7D-42C6-91A6-2AF9FBF8497F}.Debug|Mixed Platforms.ActiveCfg = Debug|Any CPU
		{A46FE627-5E7D-42C6-91A6-2AF9FBF8497F}.Debug|Mixed Platforms.Build.0 = Debug|Any CPU
		{A46FE627-5E7D-42C6-91A6-2AF9FBF8497F}.Debug|x86.ActiveCfg = Debug|Any CPU
		{A46FE627-5E7D-42C6-91A6-2AF9FBF8497F}.Debug|x86.Build.0 = Debug|Any CPU
		{A46FE627-5E7D-42C6-91A6-2AF9FBF8497F}.Release|Any CPU.ActiveCfg = Release|Any CPU
		{A46FE627-5E7D-42C6-91A6-2AF9FBF8497F}.Release|Any CPU.Build.0 = Release|Any CPU
		{A46FE627-5E7D-42C6-91A6-2AF9FBF8497F}.Release|Mixed Platforms.ActiveCfg = Release|Any CPU
		{A46FE627-5E7D-42C6-91A6-2AF9FBF8497F}.Release|Mixed Platforms.Build.0 = Release|Any CPU
		{A46FE627-5E7D-42C6-91A6-2AF9FBF8497F}.Release|x86.ActiveCfg = Release|Any CPU
		{A46FE627-5E7D-42C6-91A6-2AF9FBF8497F}.Release|x86.Build.0 = Release|Any CPU
	EndGlobalSection
	GlobalSection(SolutionProperties) = preSolution
		HideSolutionNode = FALSE
	EndGlobalSection
	GlobalSection(ExtensibilityGlobals) = postSolution
		SolutionGuid = {8E5356D8-5366-45FF-921E-40B76716CC6D}
	EndGlobalSection
	GlobalSection(TestCaseManagementSettings) = postSolution
		CategoryFile = SharpChess Solution.vsmdi
	EndGlobalSection
EndGlobal
